
Microsoft Visual Studio Solution File, Format Version 12.00
# Visual Studio 15
VisualStudioVersion = 15.0.28307.421
MinimumVisualStudioVersion = 10.0.40219.1
Project("{FAE04EC0-301F-11D3-BF4B-00C04F79EFBC}") = "login", "login\login.csproj", "{35EBDC35-852A-4B12-BADD-D60403737508}"
EndProject
Project("{2150E333-8FDC-42A3-9474-1A3956D46DE8}") = "Frontend", "Frontend", "{C333A6EF-48FA-4F02-9417-08B72A0E9BED}"
EndProject
Global
	GlobalSection(SolutionConfigurationPlatforms) = preSolution
		Debug|Any CPU = Debug|Any CPU
		Release|Any CPU = Release|Any CPU
	EndGlobalSection
	GlobalSection(ProjectConfigurationPlatforms) = postSolution
		{35EBDC35-852A-4B12-BADD-D60403737508}.Debug|Any CPU.ActiveCfg = Debug|Any CPU
		{35EBDC35-852A-4B12-BADD-D60403737508}.Debug|Any CPU.Build.0 = Debug|Any CPU
		{35EBDC35-852A-4B12-BADD-D60403737508}.Release|Any CPU.ActiveCfg = Release|Any CPU
		{35EBDC35-852A-4B12-BADD-D60403737508}.Release|Any CPU.Build.0 = Release|Any CPU
	EndGlobalSection
	GlobalSection(SolutionProperties) = preSolution
		HideSolutionNode = FALSE
	EndGlobalSection
	GlobalSection(NestedProjects) = preSolution
		{35EBDC35-852A-4B12-BADD-D60403737508} = {C333A6EF-48FA-4F02-9417-08B72A0E9BED}
	EndGlobalSection
	GlobalSection(ExtensibilityGlobals) = postSolution
		SolutionGuid = {2EF3DA68-515B-433F-A7F6-5D108A444545}
	EndGlobalSection
EndGlobal
